
Microsoft Visual Studio Solution File, Format Version 12.00
# Visual Studio Version 16
VisualStudioVersion = 16.0.29215.179
MinimumVisualStudioVersion = 10.0.40219.1
Project("{9A19103F-16F7-4668-BE54-9A1E7A4F7556}") = "Tasks", "Tasks\Tasks.csproj", "{31B8A2DD-C9D3-4677-93DC-D1BAC3227A36}"
EndProject
Project("{9A19103F-16F7-4668-BE54-9A1E7A4F7556}") = "Tasks.Tests", "Tasks\Tasks.Tests\Tasks.Tests.csproj", "{59607271-5B67-4D05-8911-ACDF3779B504}"
EndProject
Global
	GlobalSection(SolutionConfigurationPlatforms) = preSolution
		Debug|Any CPU = Debug|Any CPU
		Release|Any CPU = Release|Any CPU
	EndGlobalSection
	GlobalSection(ProjectConfigurationPlatforms) = postSolution
		{31B8A2DD-C9D3-4677-93DC-D1BAC3227A36}.Debug|Any CPU.ActiveCfg = Debug|Any CPU
		{31B8A2DD-C9D3-4677-93DC-D1BAC3227A36}.Debug|Any CPU.Build.0 = Debug|Any CPU
		{31B8A2DD-C9D3-4677-93DC-D1BAC3227A36}.Release|Any CPU.ActiveCfg = Release|Any CPU
		{31B8A2DD-C9D3-4677-93DC-D1BAC3227A36}.Release|Any CPU.Build.0 = Release|Any CPU
		{59607271-5B67-4D05-8911-ACDF3779B504}.Debug|Any CPU.ActiveCfg = Debug|Any CPU
		{59607271-5B67-4D05-8911-ACDF3779B504}.Debug|Any CPU.Build.0 = Debug|Any CPU
		{59607271-5B67-4D05-8911-ACDF3779B504}.Release|Any CPU.ActiveCfg = Release|Any CPU
		{59607271-5B67-4D05-8911-ACDF3779B504}.Release|Any CPU.Build.0 = Release|Any CPU
	EndGlobalSection
	GlobalSection(SolutionProperties) = preSolution
		HideSolutionNode = FALSE
	EndGlobalSection
	GlobalSection(ExtensibilityGlobals) = postSolution
		SolutionGuid = {C736AE1A-2A45-4A85-8AF5-A1490F55235D}
	EndGlobalSection
EndGlobal
